// !$*UTF8*$!
{
	archiveVersion = 1;
	classes = {
	};
	objectVersion = 50;
	objects = {

/* Begin PBXBuildFile section */
		90120C6225A20FC7002F0972 /* ModelData.swift in Sources */ = {isa = PBXBuildFile; fileRef = 90DAAC0D25922999004CBC45 /* ModelData.swift */; };
		90120C6725A20FCE002F0972 /* Standings.swift in Sources */ = {isa = PBXBuildFile; fileRef = 90ADE904259BDF2000796B47 /* Standings.swift */; };
		90120C6C25A20FD2002F0972 /* League.swift in Sources */ = {isa = PBXBuildFile; fileRef = 90E7C2982586B65B00E84F5B /* League.swift */; };
		90120C7125A20FD5002F0972 /* Team.swift in Sources */ = {isa = PBXBuildFile; fileRef = 90E7C29D2586B66A00E84F5B /* Team.swift */; };
		90120C7625A20FE1002F0972 /* Fixture.swift in Sources */ = {isa = PBXBuildFile; fileRef = 90E7C2A52586B8AC00E84F5B /* Fixture.swift */; };
		90120C7B25A20FE3002F0972 /* Events.swift in Sources */ = {isa = PBXBuildFile; fileRef = 90DDCAE1259E120B00945FAE /* Events.swift */; };
		90120C8025A20FE6002F0972 /* Statistics.swift in Sources */ = {isa = PBXBuildFile; fileRef = 90FAEB3E259E09120094D984 /* Statistics.swift */; };
		9047850325A9C3F000BF8314 /* LeagueWidget.intentdefinition in Sources */ = {isa = PBXBuildFile; fileRef = 90E1E6F425A20EA50096F55F /* LeagueWidget.intentdefinition */; };
		90755B8526EE2DC3007022B9 /* UserPreferences.swift in Sources */ = {isa = PBXBuildFile; fileRef = 90AC288A26EE1D5200D4198F /* UserPreferences.swift */; };
		90755B8726F1389A007022B9 /* Status.swift in Sources */ = {isa = PBXBuildFile; fileRef = 90755B8626F1389A007022B9 /* Status.swift */; };
		90755B8826F13F2B007022B9 /* Status.swift in Sources */ = {isa = PBXBuildFile; fileRef = 90755B8626F1389A007022B9 /* Status.swift */; };
		90AC288B26EE1D5200D4198F /* UserPreferences.swift in Sources */ = {isa = PBXBuildFile; fileRef = 90AC288A26EE1D5200D4198F /* UserPreferences.swift */; };
		90ADE8E0259A253D00796B47 /* leagues.json in Resources */ = {isa = PBXBuildFile; fileRef = 90ADE8DE259A253D00796B47 /* leagues.json */; };
		90ADE8E1259A253D00796B47 /* fixtures.json in Resources */ = {isa = PBXBuildFile; fileRef = 90ADE8DF259A253D00796B47 /* fixtures.json */; };
		90ADE8E6259A2A6C00796B47 /* RemoteImageView.swift in Sources */ = {isa = PBXBuildFile; fileRef = 90ADE8E5259A2A6C00796B47 /* RemoteImageView.swift */; };
		90ADE8EE259B3F2700796B47 /* Favourites.swift in Sources */ = {isa = PBXBuildFile; fileRef = 90ADE8ED259B3F2700796B47 /* Favourites.swift */; };
		90ADE8F3259B506600796B47 /* LeagueDetailView.swift in Sources */ = {isa = PBXBuildFile; fileRef = 90ADE8F2259B506600796B47 /* LeagueDetailView.swift */; };
		90ADE905259BDF2000796B47 /* Standings.swift in Sources */ = {isa = PBXBuildFile; fileRef = 90ADE904259BDF2000796B47 /* Standings.swift */; };
		90ADE90A259BE7E600796B47 /* standings.json in Resources */ = {isa = PBXBuildFile; fileRef = 90ADE909259BE7E600796B47 /* standings.json */; };
		90DAAC0E25922999004CBC45 /* ModelData.swift in Sources */ = {isa = PBXBuildFile; fileRef = 90DAAC0D25922999004CBC45 /* ModelData.swift */; };
		90DAAC2D25922EB9004CBC45 /* FixtureRowView.swift in Sources */ = {isa = PBXBuildFile; fileRef = 90DAAC2C25922EB9004CBC45 /* FixtureRowView.swift */; };
		90DAAC3225922F76004CBC45 /* FixtureDetailView.swift in Sources */ = {isa = PBXBuildFile; fileRef = 90DAAC3125922F76004CBC45 /* FixtureDetailView.swift */; };
		90DAAC542598CE86004CBC45 /* LeagueRowView.swift in Sources */ = {isa = PBXBuildFile; fileRef = 90DAAC532598CE86004CBC45 /* LeagueRowView.swift */; };
		90DDCAE2259E120B00945FAE /* Events.swift in Sources */ = {isa = PBXBuildFile; fileRef = 90DDCAE1259E120B00945FAE /* Events.swift */; };
		90DDCAE7259E18CE00945FAE /* events.json in Resources */ = {isa = PBXBuildFile; fileRef = 90DDCAE6259E18CE00945FAE /* events.json */; };
		90E1E6EE25A20EA50096F55F /* WidgetKit.framework in Frameworks */ = {isa = PBXBuildFile; fileRef = 90E1E6ED25A20EA50096F55F /* WidgetKit.framework */; };
		90E1E6F025A20EA50096F55F /* SwiftUI.framework in Frameworks */ = {isa = PBXBuildFile; fileRef = 90E1E6EF25A20EA50096F55F /* SwiftUI.framework */; };
		90E1E6F325A20EA50096F55F /* LeagueWidget.swift in Sources */ = {isa = PBXBuildFile; fileRef = 90E1E6F225A20EA50096F55F /* LeagueWidget.swift */; };
		90E1E6F625A20EA90096F55F /* Assets.xcassets in Resources */ = {isa = PBXBuildFile; fileRef = 90E1E6F525A20EA90096F55F /* Assets.xcassets */; };
		90E1E6F825A20EA90096F55F /* LeagueWidget.intentdefinition in Sources */ = {isa = PBXBuildFile; fileRef = 90E1E6F425A20EA50096F55F /* LeagueWidget.intentdefinition */; };
		90E1E6FC25A20EA90096F55F /* LeagueWidgetExtension.appex in Embed App Extensions */ = {isa = PBXBuildFile; fileRef = 90E1E6EB25A20EA50096F55F /* LeagueWidgetExtension.appex */; settings = {ATTRIBUTES = (RemoveHeadersOnCopy, ); }; };
		90E7424225A0A0B700399248 /* LaunchScreen.storyboard in Resources */ = {isa = PBXBuildFile; fileRef = 90E7424125A0A0B700399248 /* LaunchScreen.storyboard */; };
		90E7C2872586B46D00E84F5B /* AppView.swift in Sources */ = {isa = PBXBuildFile; fileRef = 90E7C2862586B46D00E84F5B /* AppView.swift */; };
		90E7C2992586B65B00E84F5B /* League.swift in Sources */ = {isa = PBXBuildFile; fileRef = 90E7C2982586B65B00E84F5B /* League.swift */; };
		90E7C29E2586B66A00E84F5B /* Team.swift in Sources */ = {isa = PBXBuildFile; fileRef = 90E7C29D2586B66A00E84F5B /* Team.swift */; };
		90E7C2A62586B8AC00E84F5B /* Fixture.swift in Sources */ = {isa = PBXBuildFile; fileRef = 90E7C2A52586B8AC00E84F5B /* Fixture.swift */; };
		90E7C2AB2586B8CA00E84F5B /* FixturesView.swift in Sources */ = {isa = PBXBuildFile; fileRef = 90E7C2AA2586B8CA00E84F5B /* FixturesView.swift */; };
		90E7C2B02586B8DF00E84F5B /* LeaguesView.swift in Sources */ = {isa = PBXBuildFile; fileRef = 90E7C2AF2586B8DF00E84F5B /* LeaguesView.swift */; };
		90E7C2B52586B8F500E84F5B /* SettingsView.swift in Sources */ = {isa = PBXBuildFile; fileRef = 90E7C2B42586B8F500E84F5B /* SettingsView.swift */; };
		90E7C2BA2586B94D00E84F5B /* FavouritesView.swift in Sources */ = {isa = PBXBuildFile; fileRef = 90E7C2B92586B94D00E84F5B /* FavouritesView.swift */; };
		90F2807D2576E35000EFE936 /* FootballScoresApp.swift in Sources */ = {isa = PBXBuildFile; fileRef = 90F2807C2576E35000EFE936 /* FootballScoresApp.swift */; };
		90F280812576E35100EFE936 /* Assets.xcassets in Resources */ = {isa = PBXBuildFile; fileRef = 90F280802576E35100EFE936 /* Assets.xcassets */; };
		90F280842576E35100EFE936 /* Preview Assets.xcassets in Resources */ = {isa = PBXBuildFile; fileRef = 90F280832576E35100EFE936 /* Preview Assets.xcassets */; };
		90FAEB32259CB8BE0094D984 /* TableRowView.swift in Sources */ = {isa = PBXBuildFile; fileRef = 90FAEB31259CB8BE0094D984 /* TableRowView.swift */; };
		90FAEB3F259E09120094D984 /* Statistics.swift in Sources */ = {isa = PBXBuildFile; fileRef = 90FAEB3E259E09120094D984 /* Statistics.swift */; };
/* End PBXBuildFile section */

/* Begin PBXContainerItemProxy section */
		90E1E6FA25A20EA90096F55F /* PBXContainerItemProxy */ = {
			isa = PBXContainerItemProxy;
			containerPortal = 90F280712576E35000EFE936 /* Project object */;
			proxyType = 1;
			remoteGlobalIDString = 90E1E6EA25A20EA50096F55F;
			remoteInfo = LeagueWidgetExtension;
		};
		90F2808B2576E35100EFE936 /* PBXContainerItemProxy */ = {
			isa = PBXContainerItemProxy;
			containerPortal = 90F280712576E35000EFE936 /* Project object */;
			proxyType = 1;
			remoteGlobalIDString = 90F280782576E35000EFE936;
			remoteInfo = FootballScores;
		};
		90F280962576E35100EFE936 /* PBXContainerItemProxy */ = {
			isa = PBXContainerItemProxy;
			containerPortal = 90F280712576E35000EFE936 /* Project object */;
			proxyType = 1;
			remoteGlobalIDString = 90F280782576E35000EFE936;
			remoteInfo = FootballScores;
		};
/* End PBXContainerItemProxy section */

/* Begin PBXCopyFilesBuildPhase section */
		90E1E6FD25A20EA90096F55F /* Embed App Extensions */ = {
			isa = PBXCopyFilesBuildPhase;
			buildActionMask = 2147483647;
			dstPath = "";
			dstSubfolderSpec = 13;
			files = (
				90E1E6FC25A20EA90096F55F /* LeagueWidgetExtension.appex in Embed App Extensions */,
			);
			name = "Embed App Extensions";
			runOnlyForDeploymentPostprocessing = 0;
		};
/* End PBXCopyFilesBuildPhase section */

/* Begin PBXFileReference section */
		90755B8626F1389A007022B9 /* Status.swift */ = {isa = PBXFileReference; lastKnownFileType = sourcecode.swift; path = Status.swift; sourceTree = "<group>"; };
		90AC288A26EE1D5200D4198F /* UserPreferences.swift */ = {isa = PBXFileReference; lastKnownFileType = sourcecode.swift; path = UserPreferences.swift; sourceTree = "<group>"; };
		90ADE8DE259A253D00796B47 /* leagues.json */ = {isa = PBXFileReference; fileEncoding = 4; lastKnownFileType = text.json; name = leagues.json; path = Assets.xcassets/leagues.json; sourceTree = "<group>"; };
		90ADE8DF259A253D00796B47 /* fixtures.json */ = {isa = PBXFileReference; fileEncoding = 4; lastKnownFileType = text.json; name = fixtures.json; path = Assets.xcassets/fixtures.json; sourceTree = "<group>"; };
		90ADE8E5259A2A6C00796B47 /* RemoteImageView.swift */ = {isa = PBXFileReference; lastKnownFileType = sourcecode.swift; path = RemoteImageView.swift; sourceTree = "<group>"; };
		90ADE8ED259B3F2700796B47 /* Favourites.swift */ = {isa = PBXFileReference; lastKnownFileType = sourcecode.swift; path = Favourites.swift; sourceTree = "<group>"; };
		90ADE8F2259B506600796B47 /* LeagueDetailView.swift */ = {isa = PBXFileReference; lastKnownFileType = sourcecode.swift; path = LeagueDetailView.swift; sourceTree = "<group>"; };
		90ADE904259BDF2000796B47 /* Standings.swift */ = {isa = PBXFileReference; lastKnownFileType = sourcecode.swift; path = Standings.swift; sourceTree = "<group>"; };
		90ADE909259BE7E600796B47 /* standings.json */ = {isa = PBXFileReference; fileEncoding = 4; lastKnownFileType = text.json; name = standings.json; path = Assets.xcassets/standings.json; sourceTree = "<group>"; };
		90DAAC0D25922999004CBC45 /* ModelData.swift */ = {isa = PBXFileReference; lastKnownFileType = sourcecode.swift; path = ModelData.swift; sourceTree = "<group>"; };
		90DAAC2C25922EB9004CBC45 /* FixtureRowView.swift */ = {isa = PBXFileReference; lastKnownFileType = sourcecode.swift; path = FixtureRowView.swift; sourceTree = "<group>"; };
		90DAAC3125922F76004CBC45 /* FixtureDetailView.swift */ = {isa = PBXFileReference; lastKnownFileType = sourcecode.swift; path = FixtureDetailView.swift; sourceTree = "<group>"; };
		90DAAC532598CE86004CBC45 /* LeagueRowView.swift */ = {isa = PBXFileReference; lastKnownFileType = sourcecode.swift; path = LeagueRowView.swift; sourceTree = "<group>"; };
		90DDCAE1259E120B00945FAE /* Events.swift */ = {isa = PBXFileReference; lastKnownFileType = sourcecode.swift; path = Events.swift; sourceTree = "<group>"; };
		90DDCAE6259E18CE00945FAE /* events.json */ = {isa = PBXFileReference; fileEncoding = 4; lastKnownFileType = text.json; name = events.json; path = Assets.xcassets/events.json; sourceTree = "<group>"; };
		90E1E6EB25A20EA50096F55F /* LeagueWidgetExtension.appex */ = {isa = PBXFileReference; explicitFileType = "wrapper.app-extension"; includeInIndex = 0; path = LeagueWidgetExtension.appex; sourceTree = BUILT_PRODUCTS_DIR; };
		90E1E6ED25A20EA50096F55F /* WidgetKit.framework */ = {isa = PBXFileReference; lastKnownFileType = wrapper.framework; name = WidgetKit.framework; path = System/Library/Frameworks/WidgetKit.framework; sourceTree = SDKROOT; };
		90E1E6EF25A20EA50096F55F /* SwiftUI.framework */ = {isa = PBXFileReference; lastKnownFileType = wrapper.framework; name = SwiftUI.framework; path = System/Library/Frameworks/SwiftUI.framework; sourceTree = SDKROOT; };
		90E1E6F225A20EA50096F55F /* LeagueWidget.swift */ = {isa = PBXFileReference; lastKnownFileType = sourcecode.swift; path = LeagueWidget.swift; sourceTree = "<group>"; };
		90E1E6F425A20EA50096F55F /* LeagueWidget.intentdefinition */ = {isa = PBXFileReference; lastKnownFileType = file.intentdefinition; path = LeagueWidget.intentdefinition; sourceTree = "<group>"; };
		90E1E6F525A20EA90096F55F /* Assets.xcassets */ = {isa = PBXFileReference; lastKnownFileType = folder.assetcatalog; path = Assets.xcassets; sourceTree = "<group>"; };
		90E1E6F725A20EA90096F55F /* Info.plist */ = {isa = PBXFileReference; lastKnownFileType = text.plist.xml; path = Info.plist; sourceTree = "<group>"; };
		90E7424125A0A0B700399248 /* LaunchScreen.storyboard */ = {isa = PBXFileReference; lastKnownFileType = file.storyboard; path = LaunchScreen.storyboard; sourceTree = "<group>"; };
		90E7C2862586B46D00E84F5B /* AppView.swift */ = {isa = PBXFileReference; lastKnownFileType = sourcecode.swift; path = AppView.swift; sourceTree = "<group>"; };
		90E7C2982586B65B00E84F5B /* League.swift */ = {isa = PBXFileReference; lastKnownFileType = sourcecode.swift; path = League.swift; sourceTree = "<group>"; };
		90E7C29D2586B66A00E84F5B /* Team.swift */ = {isa = PBXFileReference; lastKnownFileType = sourcecode.swift; path = Team.swift; sourceTree = "<group>"; };
		90E7C2A52586B8AC00E84F5B /* Fixture.swift */ = {isa = PBXFileReference; lastKnownFileType = sourcecode.swift; path = Fixture.swift; sourceTree = "<group>"; };
		90E7C2AA2586B8CA00E84F5B /* FixturesView.swift */ = {isa = PBXFileReference; lastKnownFileType = sourcecode.swift; path = FixturesView.swift; sourceTree = "<group>"; };
		90E7C2AF2586B8DF00E84F5B /* LeaguesView.swift */ = {isa = PBXFileReference; lastKnownFileType = sourcecode.swift; path = LeaguesView.swift; sourceTree = "<group>"; };
		90E7C2B42586B8F500E84F5B /* SettingsView.swift */ = {isa = PBXFileReference; lastKnownFileType = sourcecode.swift; path = SettingsView.swift; sourceTree = "<group>"; };
		90E7C2B92586B94D00E84F5B /* FavouritesView.swift */ = {isa = PBXFileReference; lastKnownFileType = sourcecode.swift; path = FavouritesView.swift; sourceTree = "<group>"; };
		90F280792576E35000EFE936 /* FootballScores.app */ = {isa = PBXFileReference; explicitFileType = wrapper.application; includeInIndex = 0; path = FootballScores.app; sourceTree = BUILT_PRODUCTS_DIR; };
		90F2807C2576E35000EFE936 /* FootballScoresApp.swift */ = {isa = PBXFileReference; lastKnownFileType = sourcecode.swift; path = FootballScoresApp.swift; sourceTree = "<group>"; };
		90F280802576E35100EFE936 /* Assets.xcassets */ = {isa = PBXFileReference; lastKnownFileType = folder.assetcatalog; path = Assets.xcassets; sourceTree = "<group>"; };
		90F280832576E35100EFE936 /* Preview Assets.xcassets */ = {isa = PBXFileReference; lastKnownFileType = folder.assetcatalog; path = "Preview Assets.xcassets"; sourceTree = "<group>"; };
		90F280852576E35100EFE936 /* Info.plist */ = {isa = PBXFileReference; lastKnownFileType = text.plist.xml; path = Info.plist; sourceTree = "<group>"; };
		90F2808A2576E35100EFE936 /* FootballScoresTests.xctest */ = {isa = PBXFileReference; explicitFileType = wrapper.cfbundle; includeInIndex = 0; path = FootballScoresTests.xctest; sourceTree = BUILT_PRODUCTS_DIR; };
		90F280952576E35100EFE936 /* FootballScoresUITests.xctest */ = {isa = PBXFileReference; explicitFileType = wrapper.cfbundle; includeInIndex = 0; path = FootballScoresUITests.xctest; sourceTree = BUILT_PRODUCTS_DIR; };
		90FAEB31259CB8BE0094D984 /* TableRowView.swift */ = {isa = PBXFileReference; lastKnownFileType = sourcecode.swift; path = TableRowView.swift; sourceTree = "<group>"; };
		90FAEB3E259E09120094D984 /* Statistics.swift */ = {isa = PBXFileReference; lastKnownFileType = sourcecode.swift; path = Statistics.swift; sourceTree = "<group>"; };
/* End PBXFileReference section */

/* Begin PBXFrameworksBuildPhase section */
		90E1E6E825A20EA50096F55F /* Frameworks */ = {
			isa = PBXFrameworksBuildPhase;
			buildActionMask = 2147483647;
			files = (
				90E1E6F025A20EA50096F55F /* SwiftUI.framework in Frameworks */,
				90E1E6EE25A20EA50096F55F /* WidgetKit.framework in Frameworks */,
			);
			runOnlyForDeploymentPostprocessing = 0;
		};
		90F280762576E35000EFE936 /* Frameworks */ = {
			isa = PBXFrameworksBuildPhase;
			buildActionMask = 2147483647;
			files = (
			);
			runOnlyForDeploymentPostprocessing = 0;
		};
		90F280872576E35100EFE936 /* Frameworks */ = {
			isa = PBXFrameworksBuildPhase;
			buildActionMask = 2147483647;
			files = (
			);
			runOnlyForDeploymentPostprocessing = 0;
		};
		90F280922576E35100EFE936 /* Frameworks */ = {
			isa = PBXFrameworksBuildPhase;
			buildActionMask = 2147483647;
			files = (
			);
			runOnlyForDeploymentPostprocessing = 0;
		};
/* End PBXFrameworksBuildPhase section */

/* Begin PBXGroup section */
		90E1E6EC25A20EA50096F55F /* Frameworks */ = {
			isa = PBXGroup;
			children = (
				90E1E6ED25A20EA50096F55F /* WidgetKit.framework */,
				90E1E6EF25A20EA50096F55F /* SwiftUI.framework */,
			);
			name = Frameworks;
			sourceTree = "<group>";
		};
		90E1E6F125A20EA50096F55F /* LeagueWidget */ = {
			isa = PBXGroup;
			children = (
				90E1E6F225A20EA50096F55F /* LeagueWidget.swift */,
				90E1E6F425A20EA50096F55F /* LeagueWidget.intentdefinition */,
				90E1E6F525A20EA90096F55F /* Assets.xcassets */,
				90E1E6F725A20EA90096F55F /* Info.plist */,
			);
			path = LeagueWidget;
			sourceTree = "<group>";
		};
		90E7424925A10E9200399248 /* Settings */ = {
			isa = PBXGroup;
			children = (
				90E7C2B42586B8F500E84F5B /* SettingsView.swift */,
			);
			path = Settings;
			sourceTree = "<group>";
		};
		90E7424A25A10E9E00399248 /* Leagues */ = {
			isa = PBXGroup;
			children = (
				90FAEB31259CB8BE0094D984 /* TableRowView.swift */,
				90E7C2AF2586B8DF00E84F5B /* LeaguesView.swift */,
				90DAAC532598CE86004CBC45 /* LeagueRowView.swift */,
				90ADE8F2259B506600796B47 /* LeagueDetailView.swift */,
			);
			path = Leagues;
			sourceTree = "<group>";
		};
		90E7424B25A10EAF00399248 /* Fixtures */ = {
			isa = PBXGroup;
			children = (
				90DAAC3125922F76004CBC45 /* FixtureDetailView.swift */,
				90E7C2AA2586B8CA00E84F5B /* FixturesView.swift */,
				90DAAC2C25922EB9004CBC45 /* FixtureRowView.swift */,
			);
			path = Fixtures;
			sourceTree = "<group>";
		};
		90E7424C25A10EBD00399248 /* Favourites */ = {
			isa = PBXGroup;
			children = (
				90E7C2B92586B94D00E84F5B /* FavouritesView.swift */,
			);
			path = Favourites;
			sourceTree = "<group>";
		};
		90E7424D25A10F0A00399248 /* Components */ = {
			isa = PBXGroup;
			children = (
				90ADE8E5259A2A6C00796B47 /* RemoteImageView.swift */,
			);
			path = Components;
			sourceTree = "<group>";
		};
		90F280702576E35000EFE936 = {
			isa = PBXGroup;
			children = (
				90F2807B2576E35000EFE936 /* FootballScores */,
				90E1E6F125A20EA50096F55F /* LeagueWidget */,
				90E1E6EC25A20EA50096F55F /* Frameworks */,
				90F2807A2576E35000EFE936 /* Products */,
			);
			sourceTree = "<group>";
		};
		90F2807A2576E35000EFE936 /* Products */ = {
			isa = PBXGroup;
			children = (
				90F280792576E35000EFE936 /* FootballScores.app */,
				90F2808A2576E35100EFE936 /* FootballScoresTests.xctest */,
				90F280952576E35100EFE936 /* FootballScoresUITests.xctest */,
				90E1E6EB25A20EA50096F55F /* LeagueWidgetExtension.appex */,
			);
			name = Products;
			sourceTree = "<group>";
		};
		90F2807B2576E35000EFE936 /* FootballScores */ = {
			isa = PBXGroup;
			children = (
				90F280AB2576E37100EFE936 /* UI */,
				90F280AA2576E36900EFE936 /* Model */,
				90F280AC2576E37D00EFE936 /* Resources */,
				90F280AD2576E38600EFE936 /* Supporting Files */,
			);
			path = FootballScores;
			sourceTree = "<group>";
		};
		90F280822576E35100EFE936 /* Preview Content */ = {
			isa = PBXGroup;
			children = (
				90F280832576E35100EFE936 /* Preview Assets.xcassets */,
			);
			path = "Preview Content";
			sourceTree = "<group>";
		};
		90F280AA2576E36900EFE936 /* Model */ = {
			isa = PBXGroup;
			children = (
				90E7C2982586B65B00E84F5B /* League.swift */,
				90E7C29D2586B66A00E84F5B /* Team.swift */,
				90ADE904259BDF2000796B47 /* Standings.swift */,
				90FAEB3E259E09120094D984 /* Statistics.swift */,
				90DDCAE1259E120B00945FAE /* Events.swift */,
				90E7C2A52586B8AC00E84F5B /* Fixture.swift */,
				90DAAC0D25922999004CBC45 /* ModelData.swift */,
				90ADE8ED259B3F2700796B47 /* Favourites.swift */,
				90755B8626F1389A007022B9 /* Status.swift */,
				90AC288A26EE1D5200D4198F /* UserPreferences.swift */,
			);
			path = Model;
			sourceTree = "<group>";
		};
		90F280AB2576E37100EFE936 /* UI */ = {
			isa = PBXGroup;
			children = (
				90F2807C2576E35000EFE936 /* FootballScoresApp.swift */,
				90E7C2862586B46D00E84F5B /* AppView.swift */,
				90E7424B25A10EAF00399248 /* Fixtures */,
				90E7424A25A10E9E00399248 /* Leagues */,
				90E7424C25A10EBD00399248 /* Favourites */,
				90E7424925A10E9200399248 /* Settings */,
				90E7424D25A10F0A00399248 /* Components */,
			);
			path = UI;
			sourceTree = "<group>";
		};
		90F280AC2576E37D00EFE936 /* Resources */ = {
			isa = PBXGroup;
			children = (
				90DDCAE6259E18CE00945FAE /* events.json */,
				90ADE909259BE7E600796B47 /* standings.json */,
				90ADE8DF259A253D00796B47 /* fixtures.json */,
				90ADE8DE259A253D00796B47 /* leagues.json */,
				90F280802576E35100EFE936 /* Assets.xcassets */,
				90F280822576E35100EFE936 /* Preview Content */,
			);
			path = Resources;
			sourceTree = "<group>";
		};
		90F280AD2576E38600EFE936 /* Supporting Files */ = {
			isa = PBXGroup;
			children = (
				90E7424125A0A0B700399248 /* LaunchScreen.storyboard */,
				90F280852576E35100EFE936 /* Info.plist */,
			);
			path = "Supporting Files";
			sourceTree = "<group>";
		};
/* End PBXGroup section */

/* Begin PBXNativeTarget section */
		90E1E6EA25A20EA50096F55F /* LeagueWidgetExtension */ = {
			isa = PBXNativeTarget;
			buildConfigurationList = 90E1E70025A20EA90096F55F /* Build configuration list for PBXNativeTarget "LeagueWidgetExtension" */;
			buildPhases = (
				90E1E6E725A20EA50096F55F /* Sources */,
				90E1E6E825A20EA50096F55F /* Frameworks */,
				90E1E6E925A20EA50096F55F /* Resources */,
			);
			buildRules = (
			);
			dependencies = (
			);
			name = LeagueWidgetExtension;
			productName = LeagueWidgetExtension;
			productReference = 90E1E6EB25A20EA50096F55F /* LeagueWidgetExtension.appex */;
			productType = "com.apple.product-type.app-extension";
		};
		90F280782576E35000EFE936 /* FootballScores */ = {
			isa = PBXNativeTarget;
			buildConfigurationList = 90F2809E2576E35100EFE936 /* Build configuration list for PBXNativeTarget "FootballScores" */;
			buildPhases = (
				90F280752576E35000EFE936 /* Sources */,
				90F280762576E35000EFE936 /* Frameworks */,
				90F280772576E35000EFE936 /* Resources */,
				90E1E6FD25A20EA90096F55F /* Embed App Extensions */,
			);
			buildRules = (
			);
			dependencies = (
				90E1E6FB25A20EA90096F55F /* PBXTargetDependency */,
			);
			name = FootballScores;
			productName = FootballScores;
			productReference = 90F280792576E35000EFE936 /* FootballScores.app */;
			productType = "com.apple.product-type.application";
		};
		90F280892576E35100EFE936 /* FootballScoresTests */ = {
			isa = PBXNativeTarget;
			buildConfigurationList = 90F280A12576E35100EFE936 /* Build configuration list for PBXNativeTarget "FootballScoresTests" */;
			buildPhases = (
				90F280862576E35100EFE936 /* Sources */,
				90F280872576E35100EFE936 /* Frameworks */,
				90F280882576E35100EFE936 /* Resources */,
			);
			buildRules = (
			);
			dependencies = (
				90F2808C2576E35100EFE936 /* PBXTargetDependency */,
			);
			name = FootballScoresTests;
			productName = FootballScoresTests;
			productReference = 90F2808A2576E35100EFE936 /* FootballScoresTests.xctest */;
			productType = "com.apple.product-type.bundle.unit-test";
		};
		90F280942576E35100EFE936 /* FootballScoresUITests */ = {
			isa = PBXNativeTarget;
			buildConfigurationList = 90F280A42576E35100EFE936 /* Build configuration list for PBXNativeTarget "FootballScoresUITests" */;
			buildPhases = (
				90F280912576E35100EFE936 /* Sources */,
				90F280922576E35100EFE936 /* Frameworks */,
				90F280932576E35100EFE936 /* Resources */,
			);
			buildRules = (
			);
			dependencies = (
				90F280972576E35100EFE936 /* PBXTargetDependency */,
			);
			name = FootballScoresUITests;
			productName = FootballScoresUITests;
			productReference = 90F280952576E35100EFE936 /* FootballScoresUITests.xctest */;
			productType = "com.apple.product-type.bundle.ui-testing";
		};
/* End PBXNativeTarget section */

/* Begin PBXProject section */
		90F280712576E35000EFE936 /* Project object */ = {
			isa = PBXProject;
			attributes = {
				LastSwiftUpdateCheck = 1220;
				LastUpgradeCheck = 1220;
				TargetAttributes = {
					90E1E6EA25A20EA50096F55F = {
						CreatedOnToolsVersion = 12.2;
					};
					90F280782576E35000EFE936 = {
						CreatedOnToolsVersion = 12.2;
					};
					90F280892576E35100EFE936 = {
						CreatedOnToolsVersion = 12.2;
						TestTargetID = 90F280782576E35000EFE936;
					};
					90F280942576E35100EFE936 = {
						CreatedOnToolsVersion = 12.2;
						TestTargetID = 90F280782576E35000EFE936;
					};
				};
			};
			buildConfigurationList = 90F280742576E35000EFE936 /* Build configuration list for PBXProject "FootballScores" */;
			compatibilityVersion = "Xcode 9.3";
			developmentRegion = en;
			hasScannedForEncodings = 0;
			knownRegions = (
				en,
				Base,
			);
			mainGroup = 90F280702576E35000EFE936;
			productRefGroup = 90F2807A2576E35000EFE936 /* Products */;
			projectDirPath = "";
			projectRoot = "";
			targets = (
				90F280782576E35000EFE936 /* FootballScores */,
				90F280892576E35100EFE936 /* FootballScoresTests */,
				90F280942576E35100EFE936 /* FootballScoresUITests */,
				90E1E6EA25A20EA50096F55F /* LeagueWidgetExtension */,
			);
		};
/* End PBXProject section */

/* Begin PBXResourcesBuildPhase section */
		90E1E6E925A20EA50096F55F /* Resources */ = {
			isa = PBXResourcesBuildPhase;
			buildActionMask = 2147483647;
			files = (
				90E1E6F625A20EA90096F55F /* Assets.xcassets in Resources */,
			);
			runOnlyForDeploymentPostprocessing = 0;
		};
		90F280772576E35000EFE936 /* Resources */ = {
			isa = PBXResourcesBuildPhase;
			buildActionMask = 2147483647;
			files = (
				90ADE8E0259A253D00796B47 /* leagues.json in Resources */,
				90E7424225A0A0B700399248 /* LaunchScreen.storyboard in Resources */,
				90F280842576E35100EFE936 /* Preview Assets.xcassets in Resources */,
				90F280812576E35100EFE936 /* Assets.xcassets in Resources */,
				90DDCAE7259E18CE00945FAE /* events.json in Resources */,
				90ADE90A259BE7E600796B47 /* standings.json in Resources */,
				90ADE8E1259A253D00796B47 /* fixtures.json in Resources */,
			);
			runOnlyForDeploymentPostprocessing = 0;
		};
		90F280882576E35100EFE936 /* Resources */ = {
			isa = PBXResourcesBuildPhase;
			buildActionMask = 2147483647;
			files = (
			);
			runOnlyForDeploymentPostprocessing = 0;
		};
		90F280932576E35100EFE936 /* Resources */ = {
			isa = PBXResourcesBuildPhase;
			buildActionMask = 2147483647;
			files = (
			);
			runOnlyForDeploymentPostprocessing = 0;
		};
/* End PBXResourcesBuildPhase section */

/* Begin PBXSourcesBuildPhase section */
		90E1E6E725A20EA50096F55F /* Sources */ = {
			isa = PBXSourcesBuildPhase;
			buildActionMask = 2147483647;
			files = (
				90120C7125A20FD5002F0972 /* Team.swift in Sources */,
				90120C8025A20FE6002F0972 /* Statistics.swift in Sources */,
				90E1E6F325A20EA50096F55F /* LeagueWidget.swift in Sources */,
				90120C6725A20FCE002F0972 /* Standings.swift in Sources */,
				90755B8826F13F2B007022B9 /* Status.swift in Sources */,
				90E1E6F825A20EA90096F55F /* LeagueWidget.intentdefinition in Sources */,
				90755B8526EE2DC3007022B9 /* UserPreferences.swift in Sources */,
				90120C7B25A20FE3002F0972 /* Events.swift in Sources */,
				90120C7625A20FE1002F0972 /* Fixture.swift in Sources */,
				90120C6C25A20FD2002F0972 /* League.swift in Sources */,
				90120C6225A20FC7002F0972 /* ModelData.swift in Sources */,
			);
			runOnlyForDeploymentPostprocessing = 0;
		};
		90F280752576E35000EFE936 /* Sources */ = {
			isa = PBXSourcesBuildPhase;
			buildActionMask = 2147483647;
			files = (
				90E7C2AB2586B8CA00E84F5B /* FixturesView.swift in Sources */,
				90E7C29E2586B66A00E84F5B /* Team.swift in Sources */,
				90DAAC542598CE86004CBC45 /* LeagueRowView.swift in Sources */,
				90ADE8F3259B506600796B47 /* LeagueDetailView.swift in Sources */,
				90DDCAE2259E120B00945FAE /* Events.swift in Sources */,
				90ADE905259BDF2000796B47 /* Standings.swift in Sources */,
				90DAAC2D25922EB9004CBC45 /* FixtureRowView.swift in Sources */,
				90E7C2B52586B8F500E84F5B /* SettingsView.swift in Sources */,
				90FAEB3F259E09120094D984 /* Statistics.swift in Sources */,
				90F2807D2576E35000EFE936 /* FootballScoresApp.swift in Sources */,
				90FAEB32259CB8BE0094D984 /* TableRowView.swift in Sources */,
				90DAAC3225922F76004CBC45 /* FixtureDetailView.swift in Sources */,
				9047850325A9C3F000BF8314 /* LeagueWidget.intentdefinition in Sources */,
				90ADE8EE259B3F2700796B47 /* Favourites.swift in Sources */,
				90E7C2872586B46D00E84F5B /* AppView.swift in Sources */,
				90ADE8E6259A2A6C00796B47 /* RemoteImageView.swift in Sources */,
				90E7C2B02586B8DF00E84F5B /* LeaguesView.swift in Sources */,
				90755B8726F1389A007022B9 /* Status.swift in Sources */,
				90E7C2992586B65B00E84F5B /* League.swift in Sources */,
				90DAAC0E25922999004CBC45 /* ModelData.swift in Sources */,
				90E7C2BA2586B94D00E84F5B /* FavouritesView.swift in Sources */,
				90E7C2A62586B8AC00E84F5B /* Fixture.swift in Sources */,
				90AC288B26EE1D5200D4198F /* UserPreferences.swift in Sources */,
			);
			runOnlyForDeploymentPostprocessing = 0;
		};
		90F280862576E35100EFE936 /* Sources */ = {
			isa = PBXSourcesBuildPhase;
			buildActionMask = 2147483647;
			files = (
			);
			runOnlyForDeploymentPostprocessing = 0;
		};
		90F280912576E35100EFE936 /* Sources */ = {
			isa = PBXSourcesBuildPhase;
			buildActionMask = 2147483647;
			files = (
			);
			runOnlyForDeploymentPostprocessing = 0;
		};
/* End PBXSourcesBuildPhase section */

/* Begin PBXTargetDependency section */
		90E1E6FB25A20EA90096F55F /* PBXTargetDependency */ = {
			isa = PBXTargetDependency;
			target = 90E1E6EA25A20EA50096F55F /* LeagueWidgetExtension */;
			targetProxy = 90E1E6FA25A20EA90096F55F /* PBXContainerItemProxy */;
		};
		90F2808C2576E35100EFE936 /* PBXTargetDependency */ = {
			isa = PBXTargetDependency;
			target = 90F280782576E35000EFE936 /* FootballScores */;
			targetProxy = 90F2808B2576E35100EFE936 /* PBXContainerItemProxy */;
		};
		90F280972576E35100EFE936 /* PBXTargetDependency */ = {
			isa = PBXTargetDependency;
			target = 90F280782576E35000EFE936 /* FootballScores */;
			targetProxy = 90F280962576E35100EFE936 /* PBXContainerItemProxy */;
		};
/* End PBXTargetDependency section */

/* Begin XCBuildConfiguration section */
		90E1E6FE25A20EA90096F55F /* Debug */ = {
			isa = XCBuildConfiguration;
			buildSettings = {
				ASSETCATALOG_COMPILER_GLOBAL_ACCENT_COLOR_NAME = AccentColor;
				ASSETCATALOG_COMPILER_WIDGET_BACKGROUND_COLOR_NAME = WidgetBackground;
				CODE_SIGN_STYLE = Automatic;
				DEVELOPMENT_TEAM = 2PC5P89XNC;
				INFOPLIST_FILE = LeagueWidget/Info.plist;
				LD_RUNPATH_SEARCH_PATHS = (
					"$(inherited)",
					"@executable_path/Frameworks",
					"@executable_path/../../Frameworks",
				);
				PRODUCT_BUNDLE_IDENTIFIER = com.mwiszenko.FootballScores.LeagueWidget;
				PRODUCT_NAME = "$(TARGET_NAME)";
				SKIP_INSTALL = YES;
				SWIFT_VERSION = 5.0;
				TARGETED_DEVICE_FAMILY = "1,2";
			};
			name = Debug;
		};
		90E1E6FF25A20EA90096F55F /* Release */ = {
			isa = XCBuildConfiguration;
			buildSettings = {
				ASSETCATALOG_COMPILER_GLOBAL_ACCENT_COLOR_NAME = AccentColor;
				ASSETCATALOG_COMPILER_WIDGET_BACKGROUND_COLOR_NAME = WidgetBackground;
				CODE_SIGN_STYLE = Automatic;
				DEVELOPMENT_TEAM = 2PC5P89XNC;
				INFOPLIST_FILE = LeagueWidget/Info.plist;
				LD_RUNPATH_SEARCH_PATHS = (
					"$(inherited)",
					"@executable_path/Frameworks",
					"@executable_path/../../Frameworks",
				);
				PRODUCT_BUNDLE_IDENTIFIER = com.mwiszenko.FootballScores.LeagueWidget;
				PRODUCT_NAME = "$(TARGET_NAME)";
				SKIP_INSTALL = YES;
				SWIFT_VERSION = 5.0;
				TARGETED_DEVICE_FAMILY = "1,2";
			};
			name = Release;
		};
		90F2809C2576E35100EFE936 /* Debug */ = {
			isa = XCBuildConfiguration;
			buildSettings = {
				ALWAYS_SEARCH_USER_PATHS = NO;
				CLANG_ANALYZER_NONNULL = YES;
				CLANG_ANALYZER_NUMBER_OBJECT_CONVERSION = YES_AGGRESSIVE;
				CLANG_CXX_LANGUAGE_STANDARD = "gnu++14";
				CLANG_CXX_LIBRARY = "libc++";
				CLANG_ENABLE_MODULES = YES;
				CLANG_ENABLE_OBJC_ARC = YES;
				CLANG_ENABLE_OBJC_WEAK = YES;
				CLANG_WARN_BLOCK_CAPTURE_AUTORELEASING = YES;
				CLANG_WARN_BOOL_CONVERSION = YES;
				CLANG_WARN_COMMA = YES;
				CLANG_WARN_CONSTANT_CONVERSION = YES;
				CLANG_WARN_DEPRECATED_OBJC_IMPLEMENTATIONS = YES;
				CLANG_WARN_DIRECT_OBJC_ISA_USAGE = YES_ERROR;
				CLANG_WARN_DOCUMENTATION_COMMENTS = YES;
				CLANG_WARN_EMPTY_BODY = YES;
				CLANG_WARN_ENUM_CONVERSION = YES;
				CLANG_WARN_INFINITE_RECURSION = YES;
				CLANG_WARN_INT_CONVERSION = YES;
				CLANG_WARN_NON_LITERAL_NULL_CONVERSION = YES;
				CLANG_WARN_OBJC_IMPLICIT_RETAIN_SELF = YES;
				CLANG_WARN_OBJC_LITERAL_CONVERSION = YES;
				CLANG_WARN_OBJC_ROOT_CLASS = YES_ERROR;
				CLANG_WARN_QUOTED_INCLUDE_IN_FRAMEWORK_HEADER = YES;
				CLANG_WARN_RANGE_LOOP_ANALYSIS = YES;
				CLANG_WARN_STRICT_PROTOTYPES = YES;
				CLANG_WARN_SUSPICIOUS_MOVE = YES;
				CLANG_WARN_UNGUARDED_AVAILABILITY = YES_AGGRESSIVE;
				CLANG_WARN_UNREACHABLE_CODE = YES;
				CLANG_WARN__DUPLICATE_METHOD_MATCH = YES;
				COPY_PHASE_STRIP = NO;
				DEBUG_INFORMATION_FORMAT = dwarf;
				ENABLE_STRICT_OBJC_MSGSEND = YES;
				ENABLE_TESTABILITY = YES;
				GCC_C_LANGUAGE_STANDARD = gnu11;
				GCC_DYNAMIC_NO_PIC = NO;
				GCC_NO_COMMON_BLOCKS = YES;
				GCC_OPTIMIZATION_LEVEL = 0;
				GCC_PREPROCESSOR_DEFINITIONS = (
					"DEBUG=1",
					"$(inherited)",
				);
				GCC_WARN_64_TO_32_BIT_CONVERSION = YES;
				GCC_WARN_ABOUT_RETURN_TYPE = YES_ERROR;
				GCC_WARN_UNDECLARED_SELECTOR = YES;
				GCC_WARN_UNINITIALIZED_AUTOS = YES_AGGRESSIVE;
				GCC_WARN_UNUSED_FUNCTION = YES;
				GCC_WARN_UNUSED_VARIABLE = YES;
				IPHONEOS_DEPLOYMENT_TARGET = 14.2;
				MTL_ENABLE_DEBUG_INFO = INCLUDE_SOURCE;
				MTL_FAST_MATH = YES;
				ONLY_ACTIVE_ARCH = YES;
				SDKROOT = iphoneos;
				SWIFT_ACTIVE_COMPILATION_CONDITIONS = DEBUG;
				SWIFT_OPTIMIZATION_LEVEL = "-Onone";
			};
			name = Debug;
		};
		90F2809D2576E35100EFE936 /* Release */ = {
			isa = XCBuildConfiguration;
			buildSettings = {
				ALWAYS_SEARCH_USER_PATHS = NO;
				CLANG_ANALYZER_NONNULL = YES;
				CLANG_ANALYZER_NUMBER_OBJECT_CONVERSION = YES_AGGRESSIVE;
				CLANG_CXX_LANGUAGE_STANDARD = "gnu++14";
				CLANG_CXX_LIBRARY = "libc++";
				CLANG_ENABLE_MODULES = YES;
				CLANG_ENABLE_OBJC_ARC = YES;
				CLANG_ENABLE_OBJC_WEAK = YES;
				CLANG_WARN_BLOCK_CAPTURE_AUTORELEASING = YES;
				CLANG_WARN_BOOL_CONVERSION = YES;
				CLANG_WARN_COMMA = YES;
				CLANG_WARN_CONSTANT_CONVERSION = YES;
				CLANG_WARN_DEPRECATED_OBJC_IMPLEMENTATIONS = YES;
				CLANG_WARN_DIRECT_OBJC_ISA_USAGE = YES_ERROR;
				CLANG_WARN_DOCUMENTATION_COMMENTS = YES;
				CLANG_WARN_EMPTY_BODY = YES;
				CLANG_WARN_ENUM_CONVERSION = YES;
				CLANG_WARN_INFINITE_RECURSION = YES;
				CLANG_WARN_INT_CONVERSION = YES;
				CLANG_WARN_NON_LITERAL_NULL_CONVERSION = YES;
				CLANG_WARN_OBJC_IMPLICIT_RETAIN_SELF = YES;
				CLANG_WARN_OBJC_LITERAL_CONVERSION = YES;
				CLANG_WARN_OBJC_ROOT_CLASS = YES_ERROR;
				CLANG_WARN_QUOTED_INCLUDE_IN_FRAMEWORK_HEADER = YES;
				CLANG_WARN_RANGE_LOOP_ANALYSIS = YES;
				CLANG_WARN_STRICT_PROTOTYPES = YES;
				CLANG_WARN_SUSPICIOUS_MOVE = YES;
				CLANG_WARN_UNGUARDED_AVAILABILITY = YES_AGGRESSIVE;
				CLANG_WARN_UNREACHABLE_CODE = YES;
				CLANG_WARN__DUPLICATE_METHOD_MATCH = YES;
				COPY_PHASE_STRIP = NO;
				DEBUG_INFORMATION_FORMAT = "dwarf-with-dsym";
				ENABLE_NS_ASSERTIONS = NO;
				ENABLE_STRICT_OBJC_MSGSEND = YES;
				GCC_C_LANGUAGE_STANDARD = gnu11;
				GCC_NO_COMMON_BLOCKS = YES;
				GCC_WARN_64_TO_32_BIT_CONVERSION = YES;
				GCC_WARN_ABOUT_RETURN_TYPE = YES_ERROR;
				GCC_WARN_UNDECLARED_SELECTOR = YES;
				GCC_WARN_UNINITIALIZED_AUTOS = YES_AGGRESSIVE;
				GCC_WARN_UNUSED_FUNCTION = YES;
				GCC_WARN_UNUSED_VARIABLE = YES;
				IPHONEOS_DEPLOYMENT_TARGET = 14.2;
				MTL_ENABLE_DEBUG_INFO = NO;
				MTL_FAST_MATH = YES;
				SDKROOT = iphoneos;
				SWIFT_COMPILATION_MODE = wholemodule;
				SWIFT_OPTIMIZATION_LEVEL = "-O";
				VALIDATE_PRODUCT = YES;
			};
			name = Release;
		};
		90F2809F2576E35100EFE936 /* Debug */ = {
			isa = XCBuildConfiguration;
			buildSettings = {
				ALWAYS_EMBED_SWIFT_STANDARD_LIBRARIES = YES;
				ASSETCATALOG_COMPILER_APPICON_NAME = AppIcon;
				ASSETCATALOG_COMPILER_GLOBAL_ACCENT_COLOR_NAME = AccentColor;
				CODE_SIGN_STYLE = Automatic;
				DEVELOPMENT_ASSET_PATHS = "\"FootballScores/Resources/Preview Content\"";
				DEVELOPMENT_TEAM = 2PC5P89XNC;
				ENABLE_PREVIEWS = YES;
				INFOPLIST_FILE = "FootballScores/Supporting Files/Info.plist";
				IPHONEOS_DEPLOYMENT_TARGET = 14.0;
				LD_RUNPATH_SEARCH_PATHS = (
					"$(inherited)",
					"@executable_path/Frameworks",
				);
				PRODUCT_BUNDLE_IDENTIFIER = com.mwiszenko.FootballScores;
				PRODUCT_NAME = "$(TARGET_NAME)";
				SWIFT_VERSION = 5.0;
				TARGETED_DEVICE_FAMILY = "1,2";
			};
			name = Debug;
		};
		90F280A02576E35100EFE936 /* Release */ = {
			isa = XCBuildConfiguration;
			buildSettings = {
				ALWAYS_EMBED_SWIFT_STANDARD_LIBRARIES = YES;
				ASSETCATALOG_COMPILER_APPICON_NAME = AppIcon;
				ASSETCATALOG_COMPILER_GLOBAL_ACCENT_COLOR_NAME = AccentColor;
				CODE_SIGN_STYLE = Automatic;
				DEVELOPMENT_ASSET_PATHS = "\"FootballScores/Resources/Preview Content\"";
				DEVELOPMENT_TEAM = 2PC5P89XNC;
				ENABLE_PREVIEWS = YES;
				INFOPLIST_FILE = "FootballScores/Supporting Files/Info.plist";
				IPHONEOS_DEPLOYMENT_TARGET = 14.0;
				LD_RUNPATH_SEARCH_PATHS = (
					"$(inherited)",
					"@executable_path/Frameworks",
				);
				PRODUCT_BUNDLE_IDENTIFIER = com.mwiszenko.FootballScores;
				PRODUCT_NAME = "$(TARGET_NAME)";
				SWIFT_VERSION = 5.0;
				TARGETED_DEVICE_FAMILY = "1,2";
			};
			name = Release;
		};
		90F280A22576E35100EFE936 /* Debug */ = {
			isa = XCBuildConfiguration;
			buildSettings = {
				ALWAYS_EMBED_SWIFT_STANDARD_LIBRARIES = YES;
				BUNDLE_LOADER = "$(TEST_HOST)";
				CODE_SIGN_STYLE = Automatic;
				DEVELOPMENT_TEAM = 2PC5P89XNC;
				INFOPLIST_FILE = FootballScoresTests/Info.plist;
				IPHONEOS_DEPLOYMENT_TARGET = 14.0;
				LD_RUNPATH_SEARCH_PATHS = (
					"$(inherited)",
					"@executable_path/Frameworks",
					"@loader_path/Frameworks",
				);
				PRODUCT_BUNDLE_IDENTIFIER = com.mwiszenko.FootballScoresTests;
				PRODUCT_NAME = "$(TARGET_NAME)";
				SWIFT_VERSION = 5.0;
				TARGETED_DEVICE_FAMILY = "1,2";
				TEST_HOST = "$(BUILT_PRODUCTS_DIR)/FootballScores.app/FootballScores";
			};
			name = Debug;
		};
		90F280A32576E35100EFE936 /* Release */ = {
			isa = XCBuildConfiguration;
			buildSettings = {
				ALWAYS_EMBED_SWIFT_STANDARD_LIBRARIES = YES;
				BUNDLE_LOADER = "$(TEST_HOST)";
				CODE_SIGN_STYLE = Automatic;
				DEVELOPMENT_TEAM = 2PC5P89XNC;
				INFOPLIST_FILE = FootballScoresTests/Info.plist;
				IPHONEOS_DEPLOYMENT_TARGET = 14.0;
				LD_RUNPATH_SEARCH_PATHS = (
					"$(inherited)",
					"@executable_path/Frameworks",
					"@loader_path/Frameworks",
				);
				PRODUCT_BUNDLE_IDENTIFIER = com.mwiszenko.FootballScoresTests;
				PRODUCT_NAME = "$(TARGET_NAME)";
				SWIFT_VERSION = 5.0;
				TARGETED_DEVICE_FAMILY = "1,2";
				TEST_HOST = "$(BUILT_PRODUCTS_DIR)/FootballScores.app/FootballScores";
			};
			name = Release;
		};
		90F280A52576E35100EFE936 /* Debug */ = {
			isa = XCBuildConfiguration;
			buildSettings = {
				ALWAYS_EMBED_SWIFT_STANDARD_LIBRARIES = YES;
				CODE_SIGN_STYLE = Automatic;
				DEVELOPMENT_TEAM = 2PC5P89XNC;
				INFOPLIST_FILE = FootballScoresUITests/Info.plist;
				LD_RUNPATH_SEARCH_PATHS = (
					"$(inherited)",
					"@executable_path/Frameworks",
					"@loader_path/Frameworks",
				);
				PRODUCT_BUNDLE_IDENTIFIER = com.mwiszenko.FootballScoresUITests;
				PRODUCT_NAME = "$(TARGET_NAME)";
				SWIFT_VERSION = 5.0;
				TARGETED_DEVICE_FAMILY = "1,2";
				TEST_TARGET_NAME = FootballScores;
			};
			name = Debug;
		};
		90F280A62576E35100EFE936 /* Release */ = {
			isa = XCBuildConfiguration;
			buildSettings = {
				ALWAYS_EMBED_SWIFT_STANDARD_LIBRARIES = YES;
				CODE_SIGN_STYLE = Automatic;
				DEVELOPMENT_TEAM = 2PC5P89XNC;
				INFOPLIST_FILE = FootballScoresUITests/Info.plist;
				LD_RUNPATH_SEARCH_PATHS = (
					"$(inherited)",
					"@executable_path/Frameworks",
					"@loader_path/Frameworks",
				);
				PRODUCT_BUNDLE_IDENTIFIER = com.mwiszenko.FootballScoresUITests;
				PRODUCT_NAME = "$(TARGET_NAME)";
				SWIFT_VERSION = 5.0;
				TARGETED_DEVICE_FAMILY = "1,2";
				TEST_TARGET_NAME = FootballScores;
			};
			name = Release;
		};
/* End XCBuildConfiguration section */

/* Begin XCConfigurationList section */
		90E1E70025A20EA90096F55F /* Build configuration list for PBXNativeTarget "LeagueWidgetExtension" */ = {
			isa = XCConfigurationList;
			buildConfigurations = (
				90E1E6FE25A20EA90096F55F /* Debug */,
				90E1E6FF25A20EA90096F55F /* Release */,
			);
			defaultConfigurationIsVisible = 0;
			defaultConfigurationName = Release;
		};
		90F280742576E35000EFE936 /* Build configuration list for PBXProject "FootballScores" */ = {
			isa = XCConfigurationList;
			buildConfigurations = (
				90F2809C2576E35100EFE936 /* Debug */,
				90F2809D2576E35100EFE936 /* Release */,
			);
			defaultConfigurationIsVisible = 0;
			defaultConfigurationName = Release;
		};
		90F2809E2576E35100EFE936 /* Build configuration list for PBXNativeTarget "FootballScores" */ = {
			isa = XCConfigurationList;
			buildConfigurations = (
				90F2809F2576E35100EFE936 /* Debug */,
				90F280A02576E35100EFE936 /* Release */,
			);
			defaultConfigurationIsVisible = 0;
			defaultConfigurationName = Release;
		};
		90F280A12576E35100EFE936 /* Build configuration list for PBXNativeTarget "FootballScoresTests" */ = {
			isa = XCConfigurationList;
			buildConfigurations = (
				90F280A22576E35100EFE936 /* Debug */,
				90F280A32576E35100EFE936 /* Release */,
			);
			defaultConfigurationIsVisible = 0;
			defaultConfigurationName = Release;
		};
		90F280A42576E35100EFE936 /* Build configuration list for PBXNativeTarget "FootballScoresUITests" */ = {
			isa = XCConfigurationList;
			buildConfigurations = (
				90F280A52576E35100EFE936 /* Debug */,
				90F280A62576E35100EFE936 /* Release */,
			);
			defaultConfigurationIsVisible = 0;
			defaultConfigurationName = Release;
		};
/* End XCConfigurationList section */
	};
	rootObject = 90F280712576E35000EFE936 /* Project object */;
}
